
Microsoft Visual Studio Solution File, Format Version 12.00
# Visual Studio Version 16
VisualStudioVersion = 16.0.29509.3
MinimumVisualStudioVersion = 10.0.40219.1
Project("{9A19103F-16F7-4668-BE54-9A1E7A4F7556}") = "CourseLibrary.API", "CourseLibrary.API\CourseLibrary.API.csproj", "{C9C11C48-DA31-48CE-864C-181C1CDB3C08}"
EndProject
Global
	GlobalSection(SolutionConfigurationPlatforms) = preSolution
		Debug|Any CPU = Debug|Any CPU
		Release|Any CPU = Release|Any CPU
	EndGlobalSection
	GlobalSection(ProjectConfigurationPlatforms) = postSolution
		{C9C11C48-DA31-48CE-864C-181C1CDB3C08}.Debug|Any CPU.ActiveCfg = Debug|Any CPU
		{C9C11C48-DA31-48CE-864C-181C1CDB3C08}.Debug|Any CPU.Build.0 = Debug|Any CPU
		{C9C11C48-DA31-48CE-864C-181C1CDB3C08}.Release|Any CPU.ActiveCfg = Release|Any CPU
		{C9C11C48-DA31-48CE-864C-181C1CDB3C08}.Release|Any CPU.Build.0 = Release|Any CPU
	EndGlobalSection
	GlobalSection(SolutionProperties) = preSolution
		HideSolutionNode = FALSE
	EndGlobalSection
	GlobalSection(ExtensibilityGlobals) = postSolution
		SolutionGuid = {0FA87D4D-7E07-4915-9EFC-2333D911AD07}
	EndGlobalSection
EndGlobal
